// !$*UTF8*$!
{
	archiveVersion = 1;
	classes = {
	};
	objectVersion = 46;
	objects = {

/* Begin PBXBuildFile section */
		189DC46C1A4DD02A005F686B /* GrayscaleContrastFilter.m in Sources */ = {isa = PBXBuildFile; fileRef = 189DC46B1A4DD02A005F686B /* GrayscaleContrastFilter.m */; };
		189DC46E1A4DD1FD005F686B /* Vignette.acv in Resources */ = {isa = PBXBuildFile; fileRef = 189DC46D1A4DD1FD005F686B /* Vignette.acv */; };
		1AC0BF081B5721A500A73CEC /* UIImage+Bundle.m in Sources */ = {isa = PBXBuildFile; fileRef = 1AC0BF071B5721A500A73CEC /* UIImage+Bundle.m */; };
		653E218619474DA2001433A5 /* UIViewController+UIViewController_FullScreen.m in Sources */ = {isa = PBXBuildFile; fileRef = 653E218519474DA2001433A5 /* UIViewController+UIViewController_FullScreen.m */; };
		6548431C1958236B0008F803 /* DBCameraLoadingView.m in Sources */ = {isa = PBXBuildFile; fileRef = 6548431B1958236B0008F803 /* DBCameraLoadingView.m */; };
		655AA2B01955FA350017C143 /* CustomCamera.m in Sources */ = {isa = PBXBuildFile; fileRef = 655AA2AF1955FA350017C143 /* CustomCamera.m */; };
		655AA2C21955FB040017C143 /* DBCameraImages.xcassets in Resources */ = {isa = PBXBuildFile; fileRef = 655AA2C11955FB040017C143 /* DBCameraImages.xcassets */; };
		655AA2C51955FFC40017C143 /* 1977.acv in Resources */ = {isa = PBXBuildFile; fileRef = 655AA2C41955FFC40017C143 /* 1977.acv */; };
		655AA2CB195602340017C143 /* amaro.acv in Resources */ = {isa = PBXBuildFile; fileRef = 655AA2C6195602340017C143 /* amaro.acv */; };
		655AA2CC195602340017C143 /* Hudson.acv in Resources */ = {isa = PBXBuildFile; fileRef = 655AA2C7195602340017C143 /* Hudson.acv */; };
		655AA2CD195602340017C143 /* mayfair.acv in Resources */ = {isa = PBXBuildFile; fileRef = 655AA2C8195602340017C143 /* mayfair.acv */; };
		655AA2CE195602340017C143 /* Nashville.acv in Resources */ = {isa = PBXBuildFile; fileRef = 655AA2C9195602340017C143 /* Nashville.acv */; };
		655AA2CF195602340017C143 /* Valencia.acv in Resources */ = {isa = PBXBuildFile; fileRef = 655AA2CA195602340017C143 /* Valencia.acv */; };
		655AA2D61956DBD90017C143 /* AppResources.xcassets in Resources */ = {isa = PBXBuildFile; fileRef = 655AA2D51956DBD90017C143 /* AppResources.xcassets */; };
		6594EC041955D94E00E22EBD /* DBCameraFiltersView.m in Sources */ = {isa = PBXBuildFile; fileRef = 6594EC031955D94E00E22EBD /* DBCameraFiltersView.m */; };
		6594EE0B1955F11500E22EBD /* QuartzCore.framework in Frameworks */ = {isa = PBXBuildFile; fileRef = 6594EE0A1955F11500E22EBD /* QuartzCore.framework */; };
		6594EE0D1955F11D00E22EBD /* OpenGLES.framework in Frameworks */ = {isa = PBXBuildFile; fileRef = 6594EE0C1955F11D00E22EBD /* OpenGLES.framework */; };
		6594EE0F1955F12800E22EBD /* AVFoundation.framework in Frameworks */ = {isa = PBXBuildFile; fileRef = 6594EE0E1955F12800E22EBD /* AVFoundation.framework */; };
		6594EE121955F19600E22EBD /* RootViewController.m in Sources */ = {isa = PBXBuildFile; fileRef = 6594EE111955F19600E22EBD /* RootViewController.m */; };
		733E4274497440D09A9F1EE7 /* libPods-DBCamera.a in Frameworks */ = {isa = PBXBuildFile; fileRef = 4BE3F8BFBAFD401181A3E55F /* libPods-DBCamera.a */; };
		9A1F4A7F191C20CB0084C305 /* UIImage+Crop.m in Sources */ = {isa = PBXBuildFile; fileRef = 9A1F4A5D191C20CB0084C305 /* UIImage+Crop.m */; };
		9A1F4A80191C20CB0084C305 /* DBCameraBaseCropViewController.m in Sources */ = {isa = PBXBuildFile; fileRef = 9A1F4A60191C20CB0084C305 /* DBCameraBaseCropViewController.m */; };
		9A1F4A81191C20CB0084C305 /* DBCameraCollectionViewController.m in Sources */ = {isa = PBXBuildFile; fileRef = 9A1F4A62191C20CB0084C305 /* DBCameraCollectionViewController.m */; };
		9A1F4A82191C20CB0084C305 /* DBCameraContainerViewController.m in Sources */ = {isa = PBXBuildFile; fileRef = 9A1F4A64191C20CB0084C305 /* DBCameraContainerViewController.m */; };
		9A1F4A83191C20CB0084C305 /* DBCameraLibraryViewController.m in Sources */ = {isa = PBXBuildFile; fileRef = 9A1F4A66191C20CB0084C305 /* DBCameraLibraryViewController.m */; };
		9A1F4A84191C20CB0084C305 /* DBCameraSegueViewController.m in Sources */ = {isa = PBXBuildFile; fileRef = 9A1F4A68191C20CB0084C305 /* DBCameraSegueViewController.m */; };
		9A1F4A85191C20CB0084C305 /* DBCameraViewController.m in Sources */ = {isa = PBXBuildFile; fileRef = 9A1F4A6A191C20CB0084C305 /* DBCameraViewController.m */; };
		9A1F4A86191C20CB0084C305 /* DBCameraManager.m in Sources */ = {isa = PBXBuildFile; fileRef = 9A1F4A6E191C20CB0084C305 /* DBCameraManager.m */; };
		9A1F4A87191C20CB0084C305 /* DBLibraryManager.m in Sources */ = {isa = PBXBuildFile; fileRef = 9A1F4A70191C20CB0084C305 /* DBLibraryManager.m */; };
		9A1F4A88191C20CB0084C305 /* DBCollectionViewCell.m in Sources */ = {isa = PBXBuildFile; fileRef = 9A1F4A75191C20CB0084C305 /* DBCollectionViewCell.m */; };
		9A1F4A89191C20CB0084C305 /* DBCollectionViewFlowLayout.m in Sources */ = {isa = PBXBuildFile; fileRef = 9A1F4A77191C20CB0084C305 /* DBCollectionViewFlowLayout.m */; };
		9A1F4A8A191C20CB0084C305 /* DBCameraCropView.m in Sources */ = {isa = PBXBuildFile; fileRef = 9A1F4A7A191C20CB0084C305 /* DBCameraCropView.m */; };
		9A1F4A8B191C20CB0084C305 /* DBCameraGridView.m in Sources */ = {isa = PBXBuildFile; fileRef = 9A1F4A7C191C20CB0084C305 /* DBCameraGridView.m */; };
		9A1F4A8C191C20CB0084C305 /* DBCameraView.m in Sources */ = {isa = PBXBuildFile; fileRef = 9A1F4A7E191C20CB0084C305 /* DBCameraView.m */; };
		9A2237F719894BAC0084BFD7 /* DBMotionManager.m in Sources */ = {isa = PBXBuildFile; fileRef = 9A2237F619894BAC0084BFD7 /* DBMotionManager.m */; };
		9A383B181B2A39E700C3ED80 /* DemoNavigationController.m in Sources */ = {isa = PBXBuildFile; fileRef = 9A383B171B2A39E700C3ED80 /* DemoNavigationController.m */; };
		9A71D2ED1958402A00224B82 /* DBCameraFilterCell.m in Sources */ = {isa = PBXBuildFile; fileRef = 9A71D2EC1958402A00224B82 /* DBCameraFilterCell.m */; };
		9A8E9A86192EA6930005CD5D /* UIImage+TintColor.m in Sources */ = {isa = PBXBuildFile; fileRef = 9A8E9A85192EA6930005CD5D /* UIImage+TintColor.m */; };
		9AB597A4189BAF9A001BCAD3 /* Foundation.framework in Frameworks */ = {isa = PBXBuildFile; fileRef = 9AB597A3189BAF9A001BCAD3 /* Foundation.framework */; };
		9AB597A6189BAF9A001BCAD3 /* CoreGraphics.framework in Frameworks */ = {isa = PBXBuildFile; fileRef = 9AB597A5189BAF9A001BCAD3 /* CoreGraphics.framework */; };
		9AB597A8189BAF9A001BCAD3 /* UIKit.framework in Frameworks */ = {isa = PBXBuildFile; fileRef = 9AB597A7189BAF9A001BCAD3 /* UIKit.framework */; };
		9AB597AE189BAF9A001BCAD3 /* InfoPlist.strings in Resources */ = {isa = PBXBuildFile; fileRef = 9AB597AC189BAF9A001BCAD3 /* InfoPlist.strings */; };
		9AB597B0189BAF9A001BCAD3 /* main.m in Sources */ = {isa = PBXBuildFile; fileRef = 9AB597AF189BAF9A001BCAD3 /* main.m */; };
		9AB597B4189BAF9A001BCAD3 /* AppDelegate.m in Sources */ = {isa = PBXBuildFile; fileRef = 9AB597B3189BAF9A001BCAD3 /* AppDelegate.m */; };
		9ABB69A219587983007E2B9E /* UIImage+Asset.m in Sources */ = {isa = PBXBuildFile; fileRef = 9ABB69A119587983007E2B9E /* UIImage+Asset.m */; };
		9E8E34E51AFFABC600B451B1 /* (null) in Sources */ = {isa = PBXBuildFile; };
		A7CB737F1B68107B0017336F /* DBCamera.bundle in Resources */ = {isa = PBXBuildFile; fileRef = A7CB737E1B68107B0017336F /* DBCamera.bundle */; };
		ABB9D8F11DAA7D5700B64899 /* DBCameraConfiguration.m in Sources */ = {isa = PBXBuildFile; fileRef = ABB9D8EE1DAA718D00B64899 /* DBCameraConfiguration.m */; };
/* End PBXBuildFile section */

/* Begin PBXFileReference section */
		1809A13E1A3F79560089855F /* sv-SE */ = {isa = PBXFileReference; lastKnownFileType = text.plist.strings; name = "sv-SE"; path = "sv-SE.lproj/InfoPlist.strings"; sourceTree = "<group>"; };
		189DC46A1A4DD02A005F686B /* GrayscaleContrastFilter.h */ = {isa = PBXFileReference; fileEncoding = 4; lastKnownFileType = sourcecode.c.h; path = GrayscaleContrastFilter.h; sourceTree = "<group>"; };
		189DC46B1A4DD02A005F686B /* GrayscaleContrastFilter.m */ = {isa = PBXFileReference; fileEncoding = 4; lastKnownFileType = sourcecode.c.objc; path = GrayscaleContrastFilter.m; sourceTree = "<group>"; };
		189DC46D1A4DD1FD005F686B /* Vignette.acv */ = {isa = PBXFileReference; lastKnownFileType = file; path = Vignette.acv; sourceTree = "<group>"; };
		1AC0BF061B5721A500A73CEC /* UIImage+Bundle.h */ = {isa = PBXFileReference; fileEncoding = 4; lastKnownFileType = sourcecode.c.h; path = "UIImage+Bundle.h"; sourceTree = "<group>"; };
		1AC0BF071B5721A500A73CEC /* UIImage+Bundle.m */ = {isa = PBXFileReference; fileEncoding = 4; lastKnownFileType = sourcecode.c.objc; path = "UIImage+Bundle.m"; sourceTree = "<group>"; };
		4BE3F8BFBAFD401181A3E55F /* libPods-DBCamera.a */ = {isa = PBXFileReference; explicitFileType = archive.ar; includeInIndex = 0; path = "libPods-DBCamera.a"; sourceTree = BUILT_PRODUCTS_DIR; };
		4CD22A93BC5AAC7ACFAE4C92 /* Pods-DBCamera.debug.xcconfig */ = {isa = PBXFileReference; includeInIndex = 1; lastKnownFileType = text.xcconfig; name = "Pods-DBCamera.debug.xcconfig"; path = "Pods/Target Support Files/Pods-DBCamera/Pods-DBCamera.debug.xcconfig"; sourceTree = "<group>"; };
		653E218419474DA2001433A5 /* UIViewController+UIViewController_FullScreen.h */ = {isa = PBXFileReference; fileEncoding = 4; lastKnownFileType = sourcecode.c.h; path = "UIViewController+UIViewController_FullScreen.h"; sourceTree = "<group>"; };
		653E218519474DA2001433A5 /* UIViewController+UIViewController_FullScreen.m */ = {isa = PBXFileReference; fileEncoding = 4; lastKnownFileType = sourcecode.c.objc; path = "UIViewController+UIViewController_FullScreen.m"; sourceTree = "<group>"; };
		6548431A1958236B0008F803 /* DBCameraLoadingView.h */ = {isa = PBXFileReference; fileEncoding = 4; lastKnownFileType = sourcecode.c.h; path = DBCameraLoadingView.h; sourceTree = "<group>"; };
		6548431B1958236B0008F803 /* DBCameraLoadingView.m */ = {isa = PBXFileReference; fileEncoding = 4; lastKnownFileType = sourcecode.c.objc; path = DBCameraLoadingView.m; sourceTree = "<group>"; };
		655AA2AE1955FA350017C143 /* CustomCamera.h */ = {isa = PBXFileReference; fileEncoding = 4; lastKnownFileType = sourcecode.c.h; name = CustomCamera.h; path = Classes/CustomCamera/CustomCamera.h; sourceTree = "<group>"; };
		655AA2AF1955FA350017C143 /* CustomCamera.m */ = {isa = PBXFileReference; fileEncoding = 4; lastKnownFileType = sourcecode.c.objc; name = CustomCamera.m; path = Classes/CustomCamera/CustomCamera.m; sourceTree = "<group>"; };
		655AA2C11955FB040017C143 /* DBCameraImages.xcassets */ = {isa = PBXFileReference; lastKnownFileType = folder.assetcatalog; path = DBCameraImages.xcassets; sourceTree = "<group>"; };
		655AA2C41955FFC40017C143 /* 1977.acv */ = {isa = PBXFileReference; lastKnownFileType = file; path = 1977.acv; sourceTree = "<group>"; };
		655AA2C6195602340017C143 /* amaro.acv */ = {isa = PBXFileReference; lastKnownFileType = file; path = amaro.acv; sourceTree = "<group>"; };
		655AA2C7195602340017C143 /* Hudson.acv */ = {isa = PBXFileReference; lastKnownFileType = file; path = Hudson.acv; sourceTree = "<group>"; };
		655AA2C8195602340017C143 /* mayfair.acv */ = {isa = PBXFileReference; lastKnownFileType = file; path = mayfair.acv; sourceTree = "<group>"; };
		655AA2C9195602340017C143 /* Nashville.acv */ = {isa = PBXFileReference; lastKnownFileType = file; path = Nashville.acv; sourceTree = "<group>"; };
		655AA2CA195602340017C143 /* Valencia.acv */ = {isa = PBXFileReference; lastKnownFileType = file; path = Valencia.acv; sourceTree = "<group>"; };
		655AA2D51956DBD90017C143 /* AppResources.xcassets */ = {isa = PBXFileReference; lastKnownFileType = folder.assetcatalog; path = AppResources.xcassets; sourceTree = "<group>"; };
		6594EC021955D94E00E22EBD /* DBCameraFiltersView.h */ = {isa = PBXFileReference; fileEncoding = 4; lastKnownFileType = sourcecode.c.h; path = DBCameraFiltersView.h; sourceTree = "<group>"; };
		6594EC031955D94E00E22EBD /* DBCameraFiltersView.m */ = {isa = PBXFileReference; fileEncoding = 4; lastKnownFileType = sourcecode.c.objc; path = DBCameraFiltersView.m; sourceTree = "<group>"; };
		6594EE0A1955F11500E22EBD /* QuartzCore.framework */ = {isa = PBXFileReference; lastKnownFileType = wrapper.framework; name = QuartzCore.framework; path = System/Library/Frameworks/QuartzCore.framework; sourceTree = SDKROOT; };
		6594EE0C1955F11D00E22EBD /* OpenGLES.framework */ = {isa = PBXFileReference; lastKnownFileType = wrapper.framework; name = OpenGLES.framework; path = System/Library/Frameworks/OpenGLES.framework; sourceTree = SDKROOT; };
		6594EE0E1955F12800E22EBD /* AVFoundation.framework */ = {isa = PBXFileReference; lastKnownFileType = wrapper.framework; name = AVFoundation.framework; path = System/Library/Frameworks/AVFoundation.framework; sourceTree = SDKROOT; };
		6594EE101955F19600E22EBD /* RootViewController.h */ = {isa = PBXFileReference; fileEncoding = 4; lastKnownFileType = sourcecode.c.h; name = RootViewController.h; path = Classes/Root/RootViewController.h; sourceTree = "<group>"; };
		6594EE111955F19600E22EBD /* RootViewController.m */ = {isa = PBXFileReference; fileEncoding = 4; lastKnownFileType = sourcecode.c.objc; name = RootViewController.m; path = Classes/Root/RootViewController.m; sourceTree = "<group>"; };
		9A0FAE54193E840D008D5FAD /* pt */ = {isa = PBXFileReference; lastKnownFileType = text.plist.strings; name = pt; path = pt.lproj/InfoPlist.strings; sourceTree = "<group>"; };
		9A1F4A5B191C20CB0084C305 /* DBCameraBaseCropViewController+Private.h */ = {isa = PBXFileReference; fileEncoding = 4; lastKnownFileType = sourcecode.c.h; path = "DBCameraBaseCropViewController+Private.h"; sourceTree = "<group>"; };
		9A1F4A5C191C20CB0084C305 /* UIImage+Crop.h */ = {isa = PBXFileReference; fileEncoding = 4; lastKnownFileType = sourcecode.c.h; path = "UIImage+Crop.h"; sourceTree = "<group>"; };
		9A1F4A5D191C20CB0084C305 /* UIImage+Crop.m */ = {isa = PBXFileReference; fileEncoding = 4; lastKnownFileType = sourcecode.c.objc; path = "UIImage+Crop.m"; sourceTree = "<group>"; };
		9A1F4A5F191C20CB0084C305 /* DBCameraBaseCropViewController.h */ = {isa = PBXFileReference; fileEncoding = 4; lastKnownFileType = sourcecode.c.h; path = DBCameraBaseCropViewController.h; sourceTree = "<group>"; };
		9A1F4A60191C20CB0084C305 /* DBCameraBaseCropViewController.m */ = {isa = PBXFileReference; fileEncoding = 4; lastKnownFileType = sourcecode.c.objc; path = DBCameraBaseCropViewController.m; sourceTree = "<group>"; };
		9A1F4A61191C20CB0084C305 /* DBCameraCollectionViewController.h */ = {isa = PBXFileReference; fileEncoding = 4; lastKnownFileType = sourcecode.c.h; path = DBCameraCollectionViewController.h; sourceTree = "<group>"; };
		9A1F4A62191C20CB0084C305 /* DBCameraCollectionViewController.m */ = {isa = PBXFileReference; fileEncoding = 4; lastKnownFileType = sourcecode.c.objc; path = DBCameraCollectionViewController.m; sourceTree = "<group>"; };
		9A1F4A63191C20CB0084C305 /* DBCameraContainerViewController.h */ = {isa = PBXFileReference; fileEncoding = 4; lastKnownFileType = sourcecode.c.h; path = DBCameraContainerViewController.h; sourceTree = "<group>"; };
		9A1F4A64191C20CB0084C305 /* DBCameraContainerViewController.m */ = {isa = PBXFileReference; fileEncoding = 4; lastKnownFileType = sourcecode.c.objc; path = DBCameraContainerViewController.m; sourceTree = "<group>"; };
		9A1F4A65191C20CB0084C305 /* DBCameraLibraryViewController.h */ = {isa = PBXFileReference; fileEncoding = 4; lastKnownFileType = sourcecode.c.h; path = DBCameraLibraryViewController.h; sourceTree = "<group>"; };
		9A1F4A66191C20CB0084C305 /* DBCameraLibraryViewController.m */ = {isa = PBXFileReference; fileEncoding = 4; lastKnownFileType = sourcecode.c.objc; path = DBCameraLibraryViewController.m; sourceTree = "<group>"; };
		9A1F4A67191C20CB0084C305 /* DBCameraSegueViewController.h */ = {isa = PBXFileReference; fileEncoding = 4; lastKnownFileType = sourcecode.c.h; path = DBCameraSegueViewController.h; sourceTree = "<group>"; };
		9A1F4A68191C20CB0084C305 /* DBCameraSegueViewController.m */ = {isa = PBXFileReference; fileEncoding = 4; lastKnownFileType = sourcecode.c.objc; path = DBCameraSegueViewController.m; sourceTree = "<group>"; };
		9A1F4A69191C20CB0084C305 /* DBCameraViewController.h */ = {isa = PBXFileReference; fileEncoding = 4; lastKnownFileType = sourcecode.c.h; path = DBCameraViewController.h; sourceTree = "<group>"; };
		9A1F4A6A191C20CB0084C305 /* DBCameraViewController.m */ = {isa = PBXFileReference; fileEncoding = 4; lastKnownFileType = sourcecode.c.objc; path = DBCameraViewController.m; sourceTree = "<group>"; };
		9A1F4A6D191C20CB0084C305 /* DBCameraManager.h */ = {isa = PBXFileReference; fileEncoding = 4; lastKnownFileType = sourcecode.c.h; path = DBCameraManager.h; sourceTree = "<group>"; };
		9A1F4A6E191C20CB0084C305 /* DBCameraManager.m */ = {isa = PBXFileReference; fileEncoding = 4; lastKnownFileType = sourcecode.c.objc; path = DBCameraManager.m; sourceTree = "<group>"; };
		9A1F4A6F191C20CB0084C305 /* DBLibraryManager.h */ = {isa = PBXFileReference; fileEncoding = 4; lastKnownFileType = sourcecode.c.h; path = DBLibraryManager.h; sourceTree = "<group>"; };
		9A1F4A70191C20CB0084C305 /* DBLibraryManager.m */ = {isa = PBXFileReference; fileEncoding = 4; lastKnownFileType = sourcecode.c.objc; path = DBLibraryManager.m; sourceTree = "<group>"; };
		9A1F4A74191C20CB0084C305 /* DBCollectionViewCell.h */ = {isa = PBXFileReference; fileEncoding = 4; lastKnownFileType = sourcecode.c.h; path = DBCollectionViewCell.h; sourceTree = "<group>"; };
		9A1F4A75191C20CB0084C305 /* DBCollectionViewCell.m */ = {isa = PBXFileReference; fileEncoding = 4; lastKnownFileType = sourcecode.c.objc; path = DBCollectionViewCell.m; sourceTree = "<group>"; };
		9A1F4A76191C20CB0084C305 /* DBCollectionViewFlowLayout.h */ = {isa = PBXFileReference; fileEncoding = 4; lastKnownFileType = sourcecode.c.h; path = DBCollectionViewFlowLayout.h; sourceTree = "<group>"; };
		9A1F4A77191C20CB0084C305 /* DBCollectionViewFlowLayout.m */ = {isa = PBXFileReference; fileEncoding = 4; lastKnownFileType = sourcecode.c.objc; path = DBCollectionViewFlowLayout.m; sourceTree = "<group>"; };
		9A1F4A79191C20CB0084C305 /* DBCameraCropView.h */ = {isa = PBXFileReference; fileEncoding = 4; lastKnownFileType = sourcecode.c.h; path = DBCameraCropView.h; sourceTree = "<group>"; };
		9A1F4A7A191C20CB0084C305 /* DBCameraCropView.m */ = {isa = PBXFileReference; fileEncoding = 4; lastKnownFileType = sourcecode.c.objc; path = DBCameraCropView.m; sourceTree = "<group>"; };
		9A1F4A7B191C20CB0084C305 /* DBCameraGridView.h */ = {isa = PBXFileReference; fileEncoding = 4; lastKnownFileType = sourcecode.c.h; path = DBCameraGridView.h; sourceTree = "<group>"; };
		9A1F4A7C191C20CB0084C305 /* DBCameraGridView.m */ = {isa = PBXFileReference; fileEncoding = 4; lastKnownFileType = sourcecode.c.objc; path = DBCameraGridView.m; sourceTree = "<group>"; };
		9A1F4A7D191C20CB0084C305 /* DBCameraView.h */ = {isa = PBXFileReference; fileEncoding = 4; lastKnownFileType = sourcecode.c.h; path = DBCameraView.h; sourceTree = "<group>"; };
		9A1F4A7E191C20CB0084C305 /* DBCameraView.m */ = {isa = PBXFileReference; fileEncoding = 4; lastKnownFileType = sourcecode.c.objc; path = DBCameraView.m; sourceTree = "<group>"; };
		9A1F4A91191C22250084C305 /* DBCameraDelegate.h */ = {isa = PBXFileReference; fileEncoding = 4; lastKnownFileType = sourcecode.c.h; path = DBCameraDelegate.h; sourceTree = "<group>"; };
		9A1F4A92191C22250084C305 /* DBCameraMacros.h */ = {isa = PBXFileReference; fileEncoding = 4; lastKnownFileType = sourcecode.c.h; path = DBCameraMacros.h; sourceTree = "<group>"; };
		9A2237F519894BAC0084BFD7 /* DBMotionManager.h */ = {isa = PBXFileReference; fileEncoding = 4; lastKnownFileType = sourcecode.c.h; path = DBMotionManager.h; sourceTree = "<group>"; };
		9A2237F619894BAC0084BFD7 /* DBMotionManager.m */ = {isa = PBXFileReference; fileEncoding = 4; lastKnownFileType = sourcecode.c.objc; path = DBMotionManager.m; sourceTree = "<group>"; };
		9A383B161B2A39E700C3ED80 /* DemoNavigationController.h */ = {isa = PBXFileReference; fileEncoding = 4; lastKnownFileType = sourcecode.c.h; name = DemoNavigationController.h; path = Classes/DemoNavigationController/DemoNavigationController.h; sourceTree = "<group>"; };
		9A383B171B2A39E700C3ED80 /* DemoNavigationController.m */ = {isa = PBXFileReference; fileEncoding = 4; lastKnownFileType = sourcecode.c.objc; name = DemoNavigationController.m; path = Classes/DemoNavigationController/DemoNavigationController.m; sourceTree = "<group>"; };
		9A50C7A918AA42BC00CD2DF3 /* it */ = {isa = PBXFileReference; lastKnownFileType = text.plist.strings; name = it; path = it.lproj/InfoPlist.strings; sourceTree = "<group>"; };
		9A50C7AC18AA42C300CD2DF3 /* es */ = {isa = PBXFileReference; lastKnownFileType = text.plist.strings; name = es; path = es.lproj/InfoPlist.strings; sourceTree = "<group>"; };
		9A71D2EB1958402A00224B82 /* DBCameraFilterCell.h */ = {isa = PBXFileReference; fileEncoding = 4; lastKnownFileType = sourcecode.c.h; path = DBCameraFilterCell.h; sourceTree = "<group>"; };
		9A71D2EC1958402A00224B82 /* DBCameraFilterCell.m */ = {isa = PBXFileReference; fileEncoding = 4; lastKnownFileType = sourcecode.c.objc; path = DBCameraFilterCell.m; sourceTree = "<group>"; };
		9A8E9A84192EA6930005CD5D /* UIImage+TintColor.h */ = {isa = PBXFileReference; fileEncoding = 4; lastKnownFileType = sourcecode.c.h; path = "UIImage+TintColor.h"; sourceTree = "<group>"; };
		9A8E9A85192EA6930005CD5D /* UIImage+TintColor.m */ = {isa = PBXFileReference; fileEncoding = 4; lastKnownFileType = sourcecode.c.objc; path = "UIImage+TintColor.m"; sourceTree = "<group>"; };
		9AB597A0189BAF9A001BCAD3 /* DBCamera.app */ = {isa = PBXFileReference; explicitFileType = wrapper.application; includeInIndex = 0; path = DBCamera.app; sourceTree = BUILT_PRODUCTS_DIR; };
		9AB597A3189BAF9A001BCAD3 /* Foundation.framework */ = {isa = PBXFileReference; lastKnownFileType = wrapper.framework; name = Foundation.framework; path = System/Library/Frameworks/Foundation.framework; sourceTree = SDKROOT; };
		9AB597A5189BAF9A001BCAD3 /* CoreGraphics.framework */ = {isa = PBXFileReference; lastKnownFileType = wrapper.framework; name = CoreGraphics.framework; path = System/Library/Frameworks/CoreGraphics.framework; sourceTree = SDKROOT; };
		9AB597A7189BAF9A001BCAD3 /* UIKit.framework */ = {isa = PBXFileReference; lastKnownFileType = wrapper.framework; name = UIKit.framework; path = System/Library/Frameworks/UIKit.framework; sourceTree = SDKROOT; };
		9AB597AB189BAF9A001BCAD3 /* DBCamera-Info.plist */ = {isa = PBXFileReference; lastKnownFileType = text.plist.xml; path = "DBCamera-Info.plist"; sourceTree = "<group>"; };
		9AB597AD189BAF9A001BCAD3 /* en */ = {isa = PBXFileReference; lastKnownFileType = text.plist.strings; name = en; path = en.lproj/InfoPlist.strings; sourceTree = "<group>"; };
		9AB597AF189BAF9A001BCAD3 /* main.m */ = {isa = PBXFileReference; lastKnownFileType = sourcecode.c.objc; path = main.m; sourceTree = "<group>"; };
		9AB597B1189BAF9A001BCAD3 /* DBCamera-Prefix.pch */ = {isa = PBXFileReference; lastKnownFileType = sourcecode.c.h; path = "DBCamera-Prefix.pch"; sourceTree = "<group>"; };
		9AB597B2189BAF9A001BCAD3 /* AppDelegate.h */ = {isa = PBXFileReference; lastKnownFileType = sourcecode.c.h; path = AppDelegate.h; sourceTree = "<group>"; };
		9AB597B3189BAF9A001BCAD3 /* AppDelegate.m */ = {isa = PBXFileReference; lastKnownFileType = sourcecode.c.objc; path = AppDelegate.m; sourceTree = "<group>"; };
		9AB597BC189BAF9A001BCAD3 /* XCTest.framework */ = {isa = PBXFileReference; lastKnownFileType = wrapper.framework; name = XCTest.framework; path = Library/Frameworks/XCTest.framework; sourceTree = DEVELOPER_DIR; };
		9ABA1DC81A6D09BF000DA480 /* ru */ = {isa = PBXFileReference; lastKnownFileType = text.plist.strings; name = ru; path = ru.lproj/InfoPlist.strings; sourceTree = "<group>"; };
		9ABB69A019587983007E2B9E /* UIImage+Asset.h */ = {isa = PBXFileReference; fileEncoding = 4; lastKnownFileType = sourcecode.c.h; path = "UIImage+Asset.h"; sourceTree = "<group>"; };
		9ABB69A119587983007E2B9E /* UIImage+Asset.m */ = {isa = PBXFileReference; fileEncoding = 4; lastKnownFileType = sourcecode.c.objc; path = "UIImage+Asset.m"; sourceTree = "<group>"; };
		9ABDB6E6195391A500A1539D /* tr */ = {isa = PBXFileReference; lastKnownFileType = text.plist.strings; name = tr; path = tr.lproj/InfoPlist.strings; sourceTree = "<group>"; };
		A7CB737E1B68107B0017336F /* DBCamera.bundle */ = {isa = PBXFileReference; lastKnownFileType = "wrapper.plug-in"; name = DBCamera.bundle; path = ../../DBCamera/Localizations/DBCamera.bundle; sourceTree = "<group>"; };
		ABB9D8ED1DAA718D00B64899 /* DBCameraConfiguration.h */ = {isa = PBXFileReference; fileEncoding = 4; lastKnownFileType = sourcecode.c.h; path = DBCameraConfiguration.h; sourceTree = "<group>"; };
		ABB9D8EE1DAA718D00B64899 /* DBCameraConfiguration.m */ = {isa = PBXFileReference; fileEncoding = 4; lastKnownFileType = sourcecode.c.objc; path = DBCameraConfiguration.m; sourceTree = "<group>"; };
		ABB9D8F01DAA720500B64899 /* DBPhotoProcessingControllerProtocol.h */ = {isa = PBXFileReference; lastKnownFileType = sourcecode.c.h; path = DBPhotoProcessingControllerProtocol.h; sourceTree = "<group>"; };
		ABB9D8F21DAA8C5200B64899 /* DBCameraControllerProtocol.h */ = {isa = PBXFileReference; lastKnownFileType = sourcecode.c.h; path = DBCameraControllerProtocol.h; sourceTree = "<group>"; };
		F9DFA4FE58E901A1BE1FE253 /* Pods-DBCamera.release.xcconfig */ = {isa = PBXFileReference; includeInIndex = 1; lastKnownFileType = text.xcconfig; name = "Pods-DBCamera.release.xcconfig"; path = "Pods/Target Support Files/Pods-DBCamera/Pods-DBCamera.release.xcconfig"; sourceTree = "<group>"; };
/* End PBXFileReference section */

/* Begin PBXFrameworksBuildPhase section */
		9AB5979D189BAF9A001BCAD3 /* Frameworks */ = {
			isa = PBXFrameworksBuildPhase;
			buildActionMask = 2147483647;
			files = (
				6594EE0F1955F12800E22EBD /* AVFoundation.framework in Frameworks */,
				6594EE0D1955F11D00E22EBD /* OpenGLES.framework in Frameworks */,
				6594EE0B1955F11500E22EBD /* QuartzCore.framework in Frameworks */,
				9AB597A6189BAF9A001BCAD3 /* CoreGraphics.framework in Frameworks */,
				9AB597A8189BAF9A001BCAD3 /* UIKit.framework in Frameworks */,
				9AB597A4189BAF9A001BCAD3 /* Foundation.framework in Frameworks */,
				733E4274497440D09A9F1EE7 /* libPods-DBCamera.a in Frameworks */,
			);
			runOnlyForDeploymentPostprocessing = 0;
		};
/* End PBXFrameworksBuildPhase section */

/* Begin PBXGroup section */
		133A9F66B295E54D6A03396E /* Pods */ = {
			isa = PBXGroup;
			children = (
				4CD22A93BC5AAC7ACFAE4C92 /* Pods-DBCamera.debug.xcconfig */,
				F9DFA4FE58E901A1BE1FE253 /* Pods-DBCamera.release.xcconfig */,
			);
			name = Pods;
			sourceTree = "<group>";
		};
		655AA2C31955FFC40017C143 /* Filters */ = {
			isa = PBXGroup;
			children = (
				189DC46A1A4DD02A005F686B /* GrayscaleContrastFilter.h */,
				189DC46B1A4DD02A005F686B /* GrayscaleContrastFilter.m */,
				655AA2D319564F250017C143 /* Curves */,
			);
			name = Filters;
			path = ../../DBCamera/Filters;
			sourceTree = "<group>";
		};
		655AA2D319564F250017C143 /* Curves */ = {
			isa = PBXGroup;
			children = (
				189DC46D1A4DD1FD005F686B /* Vignette.acv */,
				655AA2C41955FFC40017C143 /* 1977.acv */,
				655AA2C6195602340017C143 /* amaro.acv */,
				655AA2C7195602340017C143 /* Hudson.acv */,
				655AA2C8195602340017C143 /* mayfair.acv */,
				655AA2C9195602340017C143 /* Nashville.acv */,
				655AA2CA195602340017C143 /* Valencia.acv */,
			);
			name = Curves;
			sourceTree = "<group>";
		};
		655AA2D41956DB860017C143 /* Classes */ = {
			isa = PBXGroup;
			children = (
				655AA2D51956DBD90017C143 /* AppResources.xcassets */,
				655AA2AE1955FA350017C143 /* CustomCamera.h */,
				655AA2AF1955FA350017C143 /* CustomCamera.m */,
				6594EE101955F19600E22EBD /* RootViewController.h */,
				6594EE111955F19600E22EBD /* RootViewController.m */,
				9A383B161B2A39E700C3ED80 /* DemoNavigationController.h */,
				9A383B171B2A39E700C3ED80 /* DemoNavigationController.m */,
			);
			name = Classes;
			sourceTree = "<group>";
		};
		9A1F4A5A191C20CB0084C305 /* Categories */ = {
			isa = PBXGroup;
			children = (
				9A1F4A5B191C20CB0084C305 /* DBCameraBaseCropViewController+Private.h */,
				1AC0BF061B5721A500A73CEC /* UIImage+Bundle.h */,
				1AC0BF071B5721A500A73CEC /* UIImage+Bundle.m */,
				9ABB69A019587983007E2B9E /* UIImage+Asset.h */,
				9ABB69A119587983007E2B9E /* UIImage+Asset.m */,
				9A1F4A5C191C20CB0084C305 /* UIImage+Crop.h */,
				9A1F4A5D191C20CB0084C305 /* UIImage+Crop.m */,
				9A8E9A84192EA6930005CD5D /* UIImage+TintColor.h */,
				9A8E9A85192EA6930005CD5D /* UIImage+TintColor.m */,
				653E218419474DA2001433A5 /* UIViewController+UIViewController_FullScreen.h */,
				653E218519474DA2001433A5 /* UIViewController+UIViewController_FullScreen.m */,
			);
			name = Categories;
			path = ../../DBCamera/Categories;
			sourceTree = "<group>";
		};
		9A1F4A5E191C20CB0084C305 /* Controllers */ = {
			isa = PBXGroup;
			children = (
				9A1F4A5F191C20CB0084C305 /* DBCameraBaseCropViewController.h */,
				9A1F4A60191C20CB0084C305 /* DBCameraBaseCropViewController.m */,
				9A1F4A61191C20CB0084C305 /* DBCameraCollectionViewController.h */,
				9A1F4A62191C20CB0084C305 /* DBCameraCollectionViewController.m */,
				9A1F4A63191C20CB0084C305 /* DBCameraContainerViewController.h */,
				9A1F4A64191C20CB0084C305 /* DBCameraContainerViewController.m */,
				9A1F4A65191C20CB0084C305 /* DBCameraLibraryViewController.h */,
				9A1F4A66191C20CB0084C305 /* DBCameraLibraryViewController.m */,
				9A1F4A67191C20CB0084C305 /* DBCameraSegueViewController.h */,
				9A1F4A68191C20CB0084C305 /* DBCameraSegueViewController.m */,
				9A1F4A69191C20CB0084C305 /* DBCameraViewController.h */,
				9A1F4A6A191C20CB0084C305 /* DBCameraViewController.m */,
			);
			name = Controllers;
			path = ../../DBCamera/Controllers;
			sourceTree = "<group>";
		};
		9A1F4A6C191C20CB0084C305 /* Managers */ = {
			isa = PBXGroup;
			children = (
				9A1F4A6D191C20CB0084C305 /* DBCameraManager.h */,
				9A1F4A6E191C20CB0084C305 /* DBCameraManager.m */,
				9A1F4A6F191C20CB0084C305 /* DBLibraryManager.h */,
				9A1F4A70191C20CB0084C305 /* DBLibraryManager.m */,
			);
			name = Managers;
			path = ../../DBCamera/Managers;
			sourceTree = "<group>";
		};
		9A1F4A71191C20CB0084C305 /* Objects */ = {
			isa = PBXGroup;
			children = (
				9A71D2EB1958402A00224B82 /* DBCameraFilterCell.h */,
				9A71D2EC1958402A00224B82 /* DBCameraFilterCell.m */,
				9A1F4A74191C20CB0084C305 /* DBCollectionViewCell.h */,
				9A1F4A75191C20CB0084C305 /* DBCollectionViewCell.m */,
				9A1F4A76191C20CB0084C305 /* DBCollectionViewFlowLayout.h */,
				9A1F4A77191C20CB0084C305 /* DBCollectionViewFlowLayout.m */,
				9A2237F519894BAC0084BFD7 /* DBMotionManager.h */,
				9A2237F619894BAC0084BFD7 /* DBMotionManager.m */,
				ABB9D8ED1DAA718D00B64899 /* DBCameraConfiguration.h */,
				ABB9D8EE1DAA718D00B64899 /* DBCameraConfiguration.m */,
				ABB9D8F01DAA720500B64899 /* DBPhotoProcessingControllerProtocol.h */,
				ABB9D8F21DAA8C5200B64899 /* DBCameraControllerProtocol.h */,
			);
			name = Objects;
			path = ../../DBCamera/Objects;
			sourceTree = "<group>";
		};
		9A1F4A78191C20CB0084C305 /* Views */ = {
			isa = PBXGroup;
			children = (
				9A1F4A79191C20CB0084C305 /* DBCameraCropView.h */,
				9A1F4A7A191C20CB0084C305 /* DBCameraCropView.m */,
				9A1F4A7B191C20CB0084C305 /* DBCameraGridView.h */,
				9A1F4A7C191C20CB0084C305 /* DBCameraGridView.m */,
				9A1F4A7D191C20CB0084C305 /* DBCameraView.h */,
				9A1F4A7E191C20CB0084C305 /* DBCameraView.m */,
				6594EC021955D94E00E22EBD /* DBCameraFiltersView.h */,
				6594EC031955D94E00E22EBD /* DBCameraFiltersView.m */,
				6548431A1958236B0008F803 /* DBCameraLoadingView.h */,
				6548431B1958236B0008F803 /* DBCameraLoadingView.m */,
			);
			name = Views;
			path = ../../DBCamera/Views;
			sourceTree = "<group>";
		};
		9A1F4A8D191C20F10084C305 /* Resources */ = {
			isa = PBXGroup;
			children = (
				655AA2C11955FB040017C143 /* DBCameraImages.xcassets */,
			);
			name = Resources;
			path = ../../DBCamera/Resources;
			sourceTree = "<group>";
		};
		9A1F4A90191C22250084C305 /* Headers */ = {
			isa = PBXGroup;
			children = (
				9A1F4A91191C22250084C305 /* DBCameraDelegate.h */,
				9A1F4A92191C22250084C305 /* DBCameraMacros.h */,
			);
			name = Headers;
			path = ../../DBCamera/Headers;
			sourceTree = "<group>";
		};
		9A50C7A718AA423C00CD2DF3 /* Localizations */ = {
			isa = PBXGroup;
			children = (
				A7CB737E1B68107B0017336F /* DBCamera.bundle */,
			);
			name = Localizations;
			sourceTree = "<group>";
		};
		9AB59797189BAF9A001BCAD3 = {
			isa = PBXGroup;
			children = (
				9AB597A9189BAF9A001BCAD3 /* DBCamera */,
				9AB597A2189BAF9A001BCAD3 /* Frameworks */,
				9AB597A1189BAF9A001BCAD3 /* Products */,
				133A9F66B295E54D6A03396E /* Pods */,
			);
			sourceTree = "<group>";
		};
		9AB597A1189BAF9A001BCAD3 /* Products */ = {
			isa = PBXGroup;
			children = (
				9AB597A0189BAF9A001BCAD3 /* DBCamera.app */,
			);
			name = Products;
			sourceTree = "<group>";
		};
		9AB597A2189BAF9A001BCAD3 /* Frameworks */ = {
			isa = PBXGroup;
			children = (
				6594EE0E1955F12800E22EBD /* AVFoundation.framework */,
				6594EE0C1955F11D00E22EBD /* OpenGLES.framework */,
				6594EE0A1955F11500E22EBD /* QuartzCore.framework */,
				9AB597A3189BAF9A001BCAD3 /* Foundation.framework */,
				9AB597A5189BAF9A001BCAD3 /* CoreGraphics.framework */,
				9AB597A7189BAF9A001BCAD3 /* UIKit.framework */,
				9AB597BC189BAF9A001BCAD3 /* XCTest.framework */,
				4BE3F8BFBAFD401181A3E55F /* libPods-DBCamera.a */,
			);
			name = Frameworks;
			sourceTree = "<group>";
		};
		9AB597A9189BAF9A001BCAD3 /* DBCamera */ = {
			isa = PBXGroup;
			children = (
				9AB597B2189BAF9A001BCAD3 /* AppDelegate.h */,
				9AB597B3189BAF9A001BCAD3 /* AppDelegate.m */,
				655AA2D41956DB860017C143 /* Classes */,
				9AB597D2189BB04B001BCAD3 /* DBCamera */,
				9AB597AA189BAF9A001BCAD3 /* Supporting Files */,
			);
			path = DBCamera;
			sourceTree = "<group>";
		};
		9AB597AA189BAF9A001BCAD3 /* Supporting Files */ = {
			isa = PBXGroup;
			children = (
				9AB597AB189BAF9A001BCAD3 /* DBCamera-Info.plist */,
				9AB597AC189BAF9A001BCAD3 /* InfoPlist.strings */,
				9AB597AF189BAF9A001BCAD3 /* main.m */,
				9AB597B1189BAF9A001BCAD3 /* DBCamera-Prefix.pch */,
			);
			name = "Supporting Files";
			sourceTree = "<group>";
		};
		9AB597D2189BB04B001BCAD3 /* DBCamera */ = {
			isa = PBXGroup;
			children = (
				655AA2C31955FFC40017C143 /* Filters */,
				9A1F4A8D191C20F10084C305 /* Resources */,
				9A50C7A718AA423C00CD2DF3 /* Localizations */,
				9A1F4A5A191C20CB0084C305 /* Categories */,
				9A1F4A5E191C20CB0084C305 /* Controllers */,
				9A1F4A90191C22250084C305 /* Headers */,
				9A1F4A6C191C20CB0084C305 /* Managers */,
				9A1F4A71191C20CB0084C305 /* Objects */,
				9A1F4A78191C20CB0084C305 /* Views */,
			);
			name = DBCamera;
			sourceTree = "<group>";
		};
/* End PBXGroup section */

/* Begin PBXNativeTarget section */
		9AB5979F189BAF9A001BCAD3 /* DBCamera */ = {
			isa = PBXNativeTarget;
			buildConfigurationList = 9AB597CC189BAF9A001BCAD3 /* Build configuration list for PBXNativeTarget "DBCamera" */;
			buildPhases = (
				94C7FA8D31CF40F5BA4556C8 /* Check Pods Manifest.lock */,
				9AB5979C189BAF9A001BCAD3 /* Sources */,
				9AB5979D189BAF9A001BCAD3 /* Frameworks */,
				9AB5979E189BAF9A001BCAD3 /* Resources */,
				E9BB28F5DC0B461A8AA01285 /* Copy Pods Resources */,
			);
			buildRules = (
			);
			dependencies = (
			);
			name = DBCamera;
			productName = DBCamera;
			productReference = 9AB597A0189BAF9A001BCAD3 /* DBCamera.app */;
			productType = "com.apple.product-type.application";
		};
/* End PBXNativeTarget section */

/* Begin PBXProject section */
		9AB59798189BAF9A001BCAD3 /* Project object */ = {
			isa = PBXProject;
			attributes = {
				LastUpgradeCheck = 0510;
				ORGANIZATIONNAME = "PSSD - Daniele Bogo";
				TargetAttributes = {
					9AB5979F189BAF9A001BCAD3 = {
						DevelopmentTeam = 5H24V53G7B;
					};
				};
			};
			buildConfigurationList = 9AB5979B189BAF9A001BCAD3 /* Build configuration list for PBXProject "DBCamera" */;
			compatibilityVersion = "Xcode 3.2";
			developmentRegion = English;
			hasScannedForEncodings = 0;
			knownRegions = (
				en,
				it,
				es,
				pt,
				tr,
				"sv-SE",
				ru,
				de,
			);
			mainGroup = 9AB59797189BAF9A001BCAD3;
			productRefGroup = 9AB597A1189BAF9A001BCAD3 /* Products */;
			projectDirPath = "";
			projectRoot = "";
			targets = (
				9AB5979F189BAF9A001BCAD3 /* DBCamera */,
			);
		};
/* End PBXProject section */

/* Begin PBXResourcesBuildPhase section */
		9AB5979E189BAF9A001BCAD3 /* Resources */ = {
			isa = PBXResourcesBuildPhase;
			buildActionMask = 2147483647;
			files = (
				655AA2C51955FFC40017C143 /* 1977.acv in Resources */,
				189DC46E1A4DD1FD005F686B /* Vignette.acv in Resources */,
				A7CB737F1B68107B0017336F /* DBCamera.bundle in Resources */,
				655AA2D61956DBD90017C143 /* AppResources.xcassets in Resources */,
				655AA2C21955FB040017C143 /* DBCameraImages.xcassets in Resources */,
				655AA2CE195602340017C143 /* Nashville.acv in Resources */,
				9AB597AE189BAF9A001BCAD3 /* InfoPlist.strings in Resources */,
				655AA2CB195602340017C143 /* amaro.acv in Resources */,
				655AA2CD195602340017C143 /* mayfair.acv in Resources */,
				655AA2CC195602340017C143 /* Hudson.acv in Resources */,
				655AA2CF195602340017C143 /* Valencia.acv in Resources */,
			);
			runOnlyForDeploymentPostprocessing = 0;
		};
/* End PBXResourcesBuildPhase section */

/* Begin PBXShellScriptBuildPhase section */
		94C7FA8D31CF40F5BA4556C8 /* Check Pods Manifest.lock */ = {
			isa = PBXShellScriptBuildPhase;
			buildActionMask = 2147483647;
			files = (
			);
			inputPaths = (
			);
			name = "Check Pods Manifest.lock";
			outputPaths = (
			);
			runOnlyForDeploymentPostprocessing = 0;
			shellPath = /bin/sh;
			shellScript = "diff \"${PODS_ROOT}/../Podfile.lock\" \"${PODS_ROOT}/Manifest.lock\" > /dev/null\nif [[ $? != 0 ]] ; then\n    cat << EOM\nerror: The sandbox is not in sync with the Podfile.lock. Run 'pod install' or update your CocoaPods installation.\nEOM\n    exit 1\nfi\n";
			showEnvVarsInLog = 0;
		};
		E9BB28F5DC0B461A8AA01285 /* Copy Pods Resources */ = {
			isa = PBXShellScriptBuildPhase;
			buildActionMask = 2147483647;
			files = (
			);
			inputPaths = (
			);
			name = "Copy Pods Resources";
			outputPaths = (
			);
			runOnlyForDeploymentPostprocessing = 0;
			shellPath = /bin/sh;
			shellScript = "\"${SRCROOT}/Pods/Target Support Files/Pods-DBCamera/Pods-DBCamera-resources.sh\"\n";
			showEnvVarsInLog = 0;
		};
/* End PBXShellScriptBuildPhase section */

/* Begin PBXSourcesBuildPhase section */
		9AB5979C189BAF9A001BCAD3 /* Sources */ = {
			isa = PBXSourcesBuildPhase;
			buildActionMask = 2147483647;
			files = (
				9E8E34E51AFFABC600B451B1 /* (null) in Sources */,
				ABB9D8F11DAA7D5700B64899 /* DBCameraConfiguration.m in Sources */,
				9A1F4A87191C20CB0084C305 /* DBLibraryManager.m in Sources */,
				189DC46C1A4DD02A005F686B /* GrayscaleContrastFilter.m in Sources */,
				9A1F4A8B191C20CB0084C305 /* DBCameraGridView.m in Sources */,
				9A1F4A83191C20CB0084C305 /* DBCameraLibraryViewController.m in Sources */,
				9A1F4A88191C20CB0084C305 /* DBCollectionViewCell.m in Sources */,
				653E218619474DA2001433A5 /* UIViewController+UIViewController_FullScreen.m in Sources */,
				9A1F4A84191C20CB0084C305 /* DBCameraSegueViewController.m in Sources */,
				9A1F4A86191C20CB0084C305 /* DBCameraManager.m in Sources */,
				9AB597B4189BAF9A001BCAD3 /* AppDelegate.m in Sources */,
				655AA2B01955FA350017C143 /* CustomCamera.m in Sources */,
				1AC0BF081B5721A500A73CEC /* UIImage+Bundle.m in Sources */,
				9A1F4A8C191C20CB0084C305 /* DBCameraView.m in Sources */,
				9A8E9A86192EA6930005CD5D /* UIImage+TintColor.m in Sources */,
				6548431C1958236B0008F803 /* DBCameraLoadingView.m in Sources */,
				9A383B181B2A39E700C3ED80 /* DemoNavigationController.m in Sources */,
				9A1F4A80191C20CB0084C305 /* DBCameraBaseCropViewController.m in Sources */,
				9A1F4A7F191C20CB0084C305 /* UIImage+Crop.m in Sources */,
				9A2237F719894BAC0084BFD7 /* DBMotionManager.m in Sources */,
				9ABB69A219587983007E2B9E /* UIImage+Asset.m in Sources */,
				9AB597B0189BAF9A001BCAD3 /* main.m in Sources */,
				9A1F4A8A191C20CB0084C305 /* DBCameraCropView.m in Sources */,
				6594EE121955F19600E22EBD /* RootViewController.m in Sources */,
				9A1F4A81191C20CB0084C305 /* DBCameraCollectionViewController.m in Sources */,
				9A1F4A85191C20CB0084C305 /* DBCameraViewController.m in Sources */,
				9A1F4A89191C20CB0084C305 /* DBCollectionViewFlowLayout.m in Sources */,
				6594EC041955D94E00E22EBD /* DBCameraFiltersView.m in Sources */,
				9A1F4A82191C20CB0084C305 /* DBCameraContainerViewController.m in Sources */,
				9A71D2ED1958402A00224B82 /* DBCameraFilterCell.m in Sources */,
			);
			runOnlyForDeploymentPostprocessing = 0;
		};
/* End PBXSourcesBuildPhase section */

/* Begin PBXVariantGroup section */
		9AB597AC189BAF9A001BCAD3 /* InfoPlist.strings */ = {
			isa = PBXVariantGroup;
			children = (
				9AB597AD189BAF9A001BCAD3 /* en */,
				9A50C7A918AA42BC00CD2DF3 /* it */,
				9A50C7AC18AA42C300CD2DF3 /* es */,
				9A0FAE54193E840D008D5FAD /* pt */,
				9ABDB6E6195391A500A1539D /* tr */,
				1809A13E1A3F79560089855F /* sv-SE */,
				9ABA1DC81A6D09BF000DA480 /* ru */,
			);
			name = InfoPlist.strings;
			sourceTree = "<group>";
		};
/* End PBXVariantGroup section */

/* Begin XCBuildConfiguration section */
		9AB597CA189BAF9A001BCAD3 /* Debug */ = {
			isa = XCBuildConfiguration;
			buildSettings = {
				ALWAYS_SEARCH_USER_PATHS = NO;
				CLANG_CXX_LANGUAGE_STANDARD = "gnu++0x";
				CLANG_CXX_LIBRARY = "libc++";
				CLANG_ENABLE_MODULES = YES;
				CLANG_ENABLE_OBJC_ARC = YES;
				CLANG_WARN_BOOL_CONVERSION = YES;
				CLANG_WARN_CONSTANT_CONVERSION = YES;
				CLANG_WARN_DIRECT_OBJC_ISA_USAGE = YES_ERROR;
				CLANG_WARN_EMPTY_BODY = YES;
				CLANG_WARN_ENUM_CONVERSION = YES;
				CLANG_WARN_INT_CONVERSION = YES;
				CLANG_WARN_OBJC_ROOT_CLASS = YES_ERROR;
				CLANG_WARN__DUPLICATE_METHOD_MATCH = YES;
				"CODE_SIGN_IDENTITY[sdk=iphoneos*]" = "iPhone Developer";
				COPY_PHASE_STRIP = NO;
				GCC_C_LANGUAGE_STANDARD = gnu99;
				GCC_DYNAMIC_NO_PIC = NO;
				GCC_OPTIMIZATION_LEVEL = 0;
				GCC_PREPROCESSOR_DEFINITIONS = (
					"DEBUG=1",
					"$(inherited)",
				);
				GCC_SYMBOLS_PRIVATE_EXTERN = NO;
				GCC_WARN_64_TO_32_BIT_CONVERSION = YES;
				GCC_WARN_ABOUT_RETURN_TYPE = YES_ERROR;
				GCC_WARN_UNDECLARED_SELECTOR = YES;
				GCC_WARN_UNINITIALIZED_AUTOS = YES;
				GCC_WARN_UNUSED_FUNCTION = YES;
				GCC_WARN_UNUSED_VARIABLE = YES;
				"HEADER_SEARCH_PATHS[arch=*]" = (
					"$(inherited)",
					/Applications/Xcode.app/Contents/Developer/Toolchains/XcodeDefault.xctoolchain/usr/include,
					"submodules/GPUImage/**",
				);
				IPHONEOS_DEPLOYMENT_TARGET = 6.0;
				ONLY_ACTIVE_ARCH = YES;
				SDKROOT = iphoneos;
			};
			name = Debug;
		};
		9AB597CB189BAF9A001BCAD3 /* Release */ = {
			isa = XCBuildConfiguration;
			buildSettings = {
				ALWAYS_SEARCH_USER_PATHS = NO;
				CLANG_CXX_LANGUAGE_STANDARD = "gnu++0x";
				CLANG_CXX_LIBRARY = "libc++";
				CLANG_ENABLE_MODULES = YES;
				CLANG_ENABLE_OBJC_ARC = YES;
				CLANG_WARN_BOOL_CONVERSION = YES;
				CLANG_WARN_CONSTANT_CONVERSION = YES;
				CLANG_WARN_DIRECT_OBJC_ISA_USAGE = YES_ERROR;
				CLANG_WARN_EMPTY_BODY = YES;
				CLANG_WARN_ENUM_CONVERSION = YES;
				CLANG_WARN_INT_CONVERSION = YES;
				CLANG_WARN_OBJC_ROOT_CLASS = YES_ERROR;
				CLANG_WARN__DUPLICATE_METHOD_MATCH = YES;
				"CODE_SIGN_IDENTITY[sdk=iphoneos*]" = "iPhone Developer";
				COPY_PHASE_STRIP = YES;
				ENABLE_NS_ASSERTIONS = NO;
				GCC_C_LANGUAGE_STANDARD = gnu99;
				GCC_WARN_64_TO_32_BIT_CONVERSION = YES;
				GCC_WARN_ABOUT_RETURN_TYPE = YES_ERROR;
				GCC_WARN_UNDECLARED_SELECTOR = YES;
				GCC_WARN_UNINITIALIZED_AUTOS = YES;
				GCC_WARN_UNUSED_FUNCTION = YES;
				GCC_WARN_UNUSED_VARIABLE = YES;
				"HEADER_SEARCH_PATHS[arch=*]" = (
					"$(inherited)",
					/Applications/Xcode.app/Contents/Developer/Toolchains/XcodeDefault.xctoolchain/usr/include,
				);
				IPHONEOS_DEPLOYMENT_TARGET = 6.0;
				SDKROOT = iphoneos;
				VALIDATE_PRODUCT = YES;
			};
			name = Release;
		};
		9AB597CD189BAF9A001BCAD3 /* Debug */ = {
			isa = XCBuildConfiguration;
			baseConfigurationReference = 4CD22A93BC5AAC7ACFAE4C92 /* Pods-DBCamera.debug.xcconfig */;
			buildSettings = {
				ASSETCATALOG_COMPILER_APPICON_NAME = AppIcon;
				ASSETCATALOG_COMPILER_LAUNCHIMAGE_NAME = LaunchImage;
				CODE_SIGN_IDENTITY = "iPhone Developer";
				"CODE_SIGN_IDENTITY[sdk=iphoneos*]" = "iPhone Developer";
				GCC_PRECOMPILE_PREFIX_HEADER = YES;
				GCC_PREFIX_HEADER = "DBCamera/DBCamera-Prefix.pch";
				INFOPLIST_FILE = "$(SRCROOT)/DBCamera/DBCamera-Info.plist";
				IPHONEOS_DEPLOYMENT_TARGET = 6.0;
				PRODUCT_NAME = "$(TARGET_NAME)";
				PROVISIONING_PROFILE = "";
				TARGETED_DEVICE_FAMILY = 1;
				WRAPPER_EXTENSION = app;
			};
			name = Debug;
		};
		9AB597CE189BAF9A001BCAD3 /* Release */ = {
			isa = XCBuildConfiguration;
			baseConfigurationReference = F9DFA4FE58E901A1BE1FE253 /* Pods-DBCamera.release.xcconfig */;
			buildSettings = {
				ASSETCATALOG_COMPILER_APPICON_NAME = AppIcon;
				ASSETCATALOG_COMPILER_LAUNCHIMAGE_NAME = LaunchImage;
				CODE_SIGN_IDENTITY = "iPhone Developer";
				"CODE_SIGN_IDENTITY[sdk=iphoneos*]" = "iPhone Developer";
				GCC_PRECOMPILE_PREFIX_HEADER = YES;
				GCC_PREFIX_HEADER = "DBCamera/DBCamera-Prefix.pch";
				INFOPLIST_FILE = "$(SRCROOT)/DBCamera/DBCamera-Info.plist";
				IPHONEOS_DEPLOYMENT_TARGET = 6.0;
				PRODUCT_NAME = "$(TARGET_NAME)";
				PROVISIONING_PROFILE = "";
				TARGETED_DEVICE_FAMILY = 1;
				WRAPPER_EXTENSION = app;
			};
			name = Release;
		};
/* End XCBuildConfiguration section */

/* Begin XCConfigurationList section */
		9AB5979B189BAF9A001BCAD3 /* Build configuration list for PBXProject "DBCamera" */ = {
			isa = XCConfigurationList;
			buildConfigurations = (
				9AB597CA189BAF9A001BCAD3 /* Debug */,
				9AB597CB189BAF9A001BCAD3 /* Release */,
			);
			defaultConfigurationIsVisible = 0;
			defaultConfigurationName = Release;
		};
		9AB597CC189BAF9A001BCAD3 /* Build configuration list for PBXNativeTarget "DBCamera" */ = {
			isa = XCConfigurationList;
			buildConfigurations = (
				9AB597CD189BAF9A001BCAD3 /* Debug */,
				9AB597CE189BAF9A001BCAD3 /* Release */,
			);
			defaultConfigurationIsVisible = 0;
			defaultConfigurationName = Release;
		};
/* End XCConfigurationList section */
	};
	rootObject = 9AB59798189BAF9A001BCAD3 /* Project object */;
}
